{
  "pins" : [
    {
      "identity" : "async-net",
      "kind" : "remoteSourceControl",
      "location" : "https://github.com/convenience-init/async-net",
      "state" : {
        "branch" : "main",
        "revision" : "c2dfb10bb8d66acbf1f4fc2834f1d4f9278e6e52"
      }
    },
    {
      "identity" : "i-do-declare",
      "kind" : "remoteSourceControl",
      "location" : "https://github.com/convenience-init/i-do-declare",
      "state" : {
        "revision" : "e4b3d696b2f405b185ad40a75f1a8390eb8566cf",
        "version" : "0.1.0-alpha"
      }
    }
  ],
  "version" : 2
}
